
Microsoft Visual Studio Solution File, Format Version 12.00
# Visual Studio Version 16
VisualStudioVersion = 16.0.30114.105
MinimumVisualStudioVersion = 10.0.40219.1
Project("{FAE04EC0-301F-11D3-BF4B-00C04F79EFBC}") = "Webapi", "Webapi\Webapi.csproj", "{475EEC78-4954-49B7-A5AE-FE882F88F3F5}"
EndProject
Global
	GlobalSection(SolutionConfigurationPlatforms) = preSolution
		Debug|Any CPU = Debug|Any CPU
		Release|Any CPU = Release|Any CPU
	EndGlobalSection
	GlobalSection(ProjectConfigurationPlatforms) = postSolution
		{475EEC78-4954-49B7-A5AE-FE882F88F3F5}.Debug|Any CPU.ActiveCfg = Debug|Any CPU
		{475EEC78-4954-49B7-A5AE-FE882F88F3F5}.Debug|Any CPU.Build.0 = Debug|Any CPU
		{475EEC78-4954-49B7-A5AE-FE882F88F3F5}.Release|Any CPU.ActiveCfg = Release|Any CPU
		{475EEC78-4954-49B7-A5AE-FE882F88F3F5}.Release|Any CPU.Build.0 = Release|Any CPU
	EndGlobalSection
	GlobalSection(SolutionProperties) = preSolution
		HideSolutionNode = FALSE
	EndGlobalSection
	GlobalSection(ExtensibilityGlobals) = postSolution
		SolutionGuid = {11054D8A-75C5-4F88-BA67-07E43AD3A1A4}
	EndGlobalSection
EndGlobal
